
Microsoft Visual Studio Solution File, Format Version 12.00
# Visual Studio Version 17
VisualStudioVersion = 17.2.32630.192
MinimumVisualStudioVersion = 10.0.40219.1
Project("{FAE04EC0-301F-11D3-BF4B-00C04F79EFBC}") = "FunctionsDemo", "FunctionsDemo\FunctionsDemo.csproj", "{0BE8DAE6-4EAE-4254-A351-7AA114344E69}"
EndProject
Global
	GlobalSection(SolutionConfigurationPlatforms) = preSolution
		Debug|Any CPU = Debug|Any CPU
		Release|Any CPU = Release|Any CPU
	EndGlobalSection
	GlobalSection(ProjectConfigurationPlatforms) = postSolution
		{0BE8DAE6-4EAE-4254-A351-7AA114344E69}.Debug|Any CPU.ActiveCfg = Debug|Any CPU
		{0BE8DAE6-4EAE-4254-A351-7AA114344E69}.Debug|Any CPU.Build.0 = Debug|Any CPU
		{0BE8DAE6-4EAE-4254-A351-7AA114344E69}.Release|Any CPU.ActiveCfg = Release|Any CPU
		{0BE8DAE6-4EAE-4254-A351-7AA114344E69}.Release|Any CPU.Build.0 = Release|Any CPU
	EndGlobalSection
	GlobalSection(SolutionProperties) = preSolution
		HideSolutionNode = FALSE
	EndGlobalSection
	GlobalSection(ExtensibilityGlobals) = postSolution
		SolutionGuid = {5BA938AA-B90B-407B-A8A1-26464FB76AC5}
	EndGlobalSection
EndGlobal
